// !$*UTF8*$!
{
	archiveVersion = 1;
	classes = {
	};
	objectVersion = 46;
	objects = {

/* Begin PBXBuildFile section */
		3F3CA9651C9A5552000B4552 /* main.m in Sources */ = {isa = PBXBuildFile; fileRef = 3F3CA9641C9A5552000B4552 /* main.m */; };
		3F3CA9681C9A5552000B4552 /* AppDelegate.m in Sources */ = {isa = PBXBuildFile; fileRef = 3F3CA9671C9A5552000B4552 /* AppDelegate.m */; };
		3F3CA96E1C9A5552000B4552 /* Main.storyboard in Resources */ = {isa = PBXBuildFile; fileRef = 3F3CA96C1C9A5552000B4552 /* Main.storyboard */; };
		3F3CA9701C9A5552000B4552 /* Assets.xcassets in Resources */ = {isa = PBXBuildFile; fileRef = 3F3CA96F1C9A5552000B4552 /* Assets.xcassets */; };
		3F3CA9731C9A5552000B4552 /* LaunchScreen.storyboard in Resources */ = {isa = PBXBuildFile; fileRef = 3F3CA9711C9A5552000B4552 /* LaunchScreen.storyboard */; };
		3F3CA97E1C9A5552000B4552 /* BreakDownLoadTests.m in Sources */ = {isa = PBXBuildFile; fileRef = 3F3CA97D1C9A5552000B4552 /* BreakDownLoadTests.m */; };
		3F3CA9891C9A5552000B4552 /* BreakDownLoadUITests.m in Sources */ = {isa = PBXBuildFile; fileRef = 3F3CA9881C9A5552000B4552 /* BreakDownLoadUITests.m */; };
		3F3CAAF11C9ADC37000B4552 /* ViewController.m in Sources */ = {isa = PBXBuildFile; fileRef = 3F3CAAF01C9ADC37000B4552 /* ViewController.m */; };
/* End PBXBuildFile section */

/* Begin PBXContainerItemProxy section */
		3F3CA97A1C9A5552000B4552 /* PBXContainerItemProxy */ = {
			isa = PBXContainerItemProxy;
			containerPortal = 3F3CA9581C9A5552000B4552 /* Project object */;
			proxyType = 1;
			remoteGlobalIDString = 3F3CA95F1C9A5552000B4552;
			remoteInfo = BreakDownLoad;
		};
		3F3CA9851C9A5552000B4552 /* PBXContainerItemProxy */ = {
			isa = PBXContainerItemProxy;
			containerPortal = 3F3CA9581C9A5552000B4552 /* Project object */;
			proxyType = 1;
			remoteGlobalIDString = 3F3CA95F1C9A5552000B4552;
			remoteInfo = BreakDownLoad;
		};
/* End PBXContainerItemProxy section */

/* Begin PBXFileReference section */
		3F3CA9601C9A5552000B4552 /* BreakDownLoad.app */ = {isa = PBXFileReference; explicitFileType = wrapper.application; includeInIndex = 0; path = BreakDownLoad.app; sourceTree = BUILT_PRODUCTS_DIR; };
		3F3CA9641C9A5552000B4552 /* main.m */ = {isa = PBXFileReference; lastKnownFileType = sourcecode.c.objc; path = main.m; sourceTree = "<group>"; };
		3F3CA9661C9A5552000B4552 /* AppDelegate.h */ = {isa = PBXFileReference; lastKnownFileType = sourcecode.c.h; path = AppDelegate.h; sourceTree = "<group>"; };
		3F3CA9671C9A5552000B4552 /* AppDelegate.m */ = {isa = PBXFileReference; lastKnownFileType = sourcecode.c.objc; path = AppDelegate.m; sourceTree = "<group>"; };
		3F3CA9691C9A5552000B4552 /* ViewController.h */ = {isa = PBXFileReference; lastKnownFileType = sourcecode.c.h; path = ViewController.h; sourceTree = "<group>"; };
		3F3CA96D1C9A5552000B4552 /* Base */ = {isa = PBXFileReference; lastKnownFileType = file.storyboard; name = Base; path = Base.lproj/Main.storyboard; sourceTree = "<group>"; };
		3F3CA96F1C9A5552000B4552 /* Assets.xcassets */ = {isa = PBXFileReference; lastKnownFileType = folder.assetcatalog; path = Assets.xcassets; sourceTree = "<group>"; };
		3F3CA9721C9A5552000B4552 /* Base */ = {isa = PBXFileReference; lastKnownFileType = file.storyboard; name = Base; path = Base.lproj/LaunchScreen.storyboard; sourceTree = "<group>"; };
		3F3CA9741C9A5552000B4552 /* Info.plist */ = {isa = PBXFileReference; lastKnownFileType = text.plist.xml; path = Info.plist; sourceTree = "<group>"; };
		3F3CA9791C9A5552000B4552 /* BreakDownLoadTests.xctest */ = {isa = PBXFileReference; explicitFileType = wrapper.cfbundle; includeInIndex = 0; path = BreakDownLoadTests.xctest; sourceTree = BUILT_PRODUCTS_DIR; };
		3F3CA97D1C9A5552000B4552 /* BreakDownLoadTests.m */ = {isa = PBXFileReference; lastKnownFileType = sourcecode.c.objc; path = BreakDownLoadTests.m; sourceTree = "<group>"; };
		3F3CA97F1C9A5552000B4552 /* Info.plist */ = {isa = PBXFileReference; lastKnownFileType = text.plist.xml; path = Info.plist; sourceTree = "<group>"; };
		3F3CA9841C9A5552000B4552 /* BreakDownLoadUITests.xctest */ = {isa = PBXFileReference; explicitFileType = wrapper.cfbundle; includeInIndex = 0; path = BreakDownLoadUITests.xctest; sourceTree = BUILT_PRODUCTS_DIR; };
		3F3CA9881C9A5552000B4552 /* BreakDownLoadUITests.m */ = {isa = PBXFileReference; lastKnownFileType = sourcecode.c.objc; path = BreakDownLoadUITests.m; sourceTree = "<group>"; };
		3F3CA98A1C9A5552000B4552 /* Info.plist */ = {isa = PBXFileReference; lastKnownFileType = text.plist.xml; path = Info.plist; sourceTree = "<group>"; };
		3F3CAAF01C9ADC37000B4552 /* ViewController.m */ = {isa = PBXFileReference; fileEncoding = 4; lastKnownFileType = sourcecode.c.objc; path = ViewController.m; sourceTree = "<group>"; wrapsLines = 0; };
/* End PBXFileReference section */

/* Begin PBXFrameworksBuildPhase section */
		3F3CA95D1C9A5552000B4552 /* Frameworks */ = {
			isa = PBXFrameworksBuildPhase;
			buildActionMask = 2147483647;
			files = (
			);
			runOnlyForDeploymentPostprocessing = 0;
		};
		3F3CA9761C9A5552000B4552 /* Frameworks */ = {
			isa = PBXFrameworksBuildPhase;
			buildActionMask = 2147483647;
			files = (
			);
			runOnlyForDeploymentPostprocessing = 0;
		};
		3F3CA9811C9A5552000B4552 /* Frameworks */ = {
			isa = PBXFrameworksBuildPhase;
			buildActionMask = 2147483647;
			files = (
			);
			runOnlyForDeploymentPostprocessing = 0;
		};
/* End PBXFrameworksBuildPhase section */

/* Begin PBXGroup section */
		3F3CA9571C9A5552000B4552 = {
			isa = PBXGroup;
			children = (
				3F3CA9621C9A5552000B4552 /* BreakDownLoad */,
				3F3CA97C1C9A5552000B4552 /* BreakDownLoadTests */,
				3F3CA9871C9A5552000B4552 /* BreakDownLoadUITests */,
				3F3CA9611C9A5552000B4552 /* Products */,
			);
			sourceTree = "<group>";
		};
		3F3CA9611C9A5552000B4552 /* Products */ = {
			isa = PBXGroup;
			children = (
				3F3CA9601C9A5552000B4552 /* BreakDownLoad.app */,
				3F3CA9791C9A5552000B4552 /* BreakDownLoadTests.xctest */,
				3F3CA9841C9A5552000B4552 /* BreakDownLoadUITests.xctest */,
			);
			name = Products;
			sourceTree = "<group>";
		};
		3F3CA9621C9A5552000B4552 /* BreakDownLoad */ = {
			isa = PBXGroup;
			children = (
				3F3CAAF01C9ADC37000B4552 /* ViewController.m */,
				3F3CA9661C9A5552000B4552 /* AppDelegate.h */,
				3F3CA9671C9A5552000B4552 /* AppDelegate.m */,
				3F3CA9691C9A5552000B4552 /* ViewController.h */,
				3F3CA96C1C9A5552000B4552 /* Main.storyboard */,
				3F3CA96F1C9A5552000B4552 /* Assets.xcassets */,
				3F3CA9711C9A5552000B4552 /* LaunchScreen.storyboard */,
				3F3CA9741C9A5552000B4552 /* Info.plist */,
				3F3CA9631C9A5552000B4552 /* Supporting Files */,
			);
			path = BreakDownLoad;
			sourceTree = "<group>";
		};
		3F3CA9631C9A5552000B4552 /* Supporting Files */ = {
			isa = PBXGroup;
			children = (
				3F3CA9641C9A5552000B4552 /* main.m */,
			);
			name = "Supporting Files";
			sourceTree = "<group>";
		};
		3F3CA97C1C9A5552000B4552 /* BreakDownLoadTests */ = {
			isa = PBXGroup;
			children = (
				3F3CA97D1C9A5552000B4552 /* BreakDownLoadTests.m */,
				3F3CA97F1C9A5552000B4552 /* Info.plist */,
			);
			path = BreakDownLoadTests;
			sourceTree = "<group>";
		};
		3F3CA9871C9A5552000B4552 /* BreakDownLoadUITests */ = {
			isa = PBXGroup;
			children = (
				3F3CA9881C9A5552000B4552 /* BreakDownLoadUITests.m */,
				3F3CA98A1C9A5552000B4552 /* Info.plist */,
			);
			path = BreakDownLoadUITests;
			sourceTree = "<group>";
		};
/* End PBXGroup section */

/* Begin PBXNativeTarget section */
		3F3CA95F1C9A5552000B4552 /* BreakDownLoad */ = {
			isa = PBXNativeTarget;
			buildConfigurationList = 3F3CA98D1C9A5552000B4552 /* Build configuration list for PBXNativeTarget "BreakDownLoad" */;
			buildPhases = (
				3F3CA95C1C9A5552000B4552 /* Sources */,
				3F3CA95D1C9A5552000B4552 /* Frameworks */,
				3F3CA95E1C9A5552000B4552 /* Resources */,
			);
			buildRules = (
			);
			dependencies = (
			);
			name = BreakDownLoad;
			productName = BreakDownLoad;
			productReference = 3F3CA9601C9A5552000B4552 /* BreakDownLoad.app */;
			productType = "com.apple.product-type.application";
		};
		3F3CA9781C9A5552000B4552 /* BreakDownLoadTests */ = {
			isa = PBXNativeTarget;
			buildConfigurationList = 3F3CA9901C9A5552000B4552 /* Build configuration list for PBXNativeTarget "BreakDownLoadTests" */;
			buildPhases = (
				3F3CA9751C9A5552000B4552 /* Sources */,
				3F3CA9761C9A5552000B4552 /* Frameworks */,
				3F3CA9771C9A5552000B4552 /* Resources */,
			);
			buildRules = (
			);
			dependencies = (
				3F3CA97B1C9A5552000B4552 /* PBXTargetDependency */,
			);
			name = BreakDownLoadTests;
			productName = BreakDownLoadTests;
			productReference = 3F3CA9791C9A5552000B4552 /* BreakDownLoadTests.xctest */;
			productType = "com.apple.product-type.bundle.unit-test";
		};
		3F3CA9831C9A5552000B4552 /* BreakDownLoadUITests */ = {
			isa = PBXNativeTarget;
			buildConfigurationList = 3F3CA9931C9A5552000B4552 /* Build configuration list for PBXNativeTarget "BreakDownLoadUITests" */;
			buildPhases = (
				3F3CA9801C9A5552000B4552 /* Sources */,
				3F3CA9811C9A5552000B4552 /* Frameworks */,
				3F3CA9821C9A5552000B4552 /* Resources */,
			);
			buildRules = (
			);
			dependencies = (
				3F3CA9861C9A5552000B4552 /* PBXTargetDependency */,
			);
			name = BreakDownLoadUITests;
			productName = BreakDownLoadUITests;
			productReference = 3F3CA9841C9A5552000B4552 /* BreakDownLoadUITests.xctest */;
			productType = "com.apple.product-type.bundle.ui-testing";
		};
/* End PBXNativeTarget section */

/* Begin PBXProject section */
		3F3CA9581C9A5552000B4552 /* Project object */ = {
			isa = PBXProject;
			attributes = {
				LastUpgradeCheck = 0720;
				ORGANIZATIONNAME = Tom;
				TargetAttributes = {
					3F3CA95F1C9A5552000B4552 = {
						CreatedOnToolsVersion = 7.2;
					};
					3F3CA9781C9A5552000B4552 = {
						CreatedOnToolsVersion = 7.2;
						TestTargetID = 3F3CA95F1C9A5552000B4552;
					};
					3F3CA9831C9A5552000B4552 = {
						CreatedOnToolsVersion = 7.2;
						TestTargetID = 3F3CA95F1C9A5552000B4552;
					};
				};
			};
			buildConfigurationList = 3F3CA95B1C9A5552000B4552 /* Build configuration list for PBXProject "BreakDownLoad" */;
			compatibilityVersion = "Xcode 3.2";
			developmentRegion = English;
			hasScannedForEncodings = 0;
			knownRegions = (
				en,
				Base,
			);
			mainGroup = 3F3CA9571C9A5552000B4552;
			productRefGroup = 3F3CA9611C9A5552000B4552 /* Products */;
			projectDirPath = "";
			projectRoot = "";
			targets = (
				3F3CA95F1C9A5552000B4552 /* BreakDownLoad */,
				3F3CA9781C9A5552000B4552 /* BreakDownLoadTests */,
				3F3CA9831C9A5552000B4552 /* BreakDownLoadUITests */,
			);
		};
/* End PBXProject section */

/* Begin PBXResourcesBuildPhase section */
		3F3CA95E1C9A5552000B4552 /* Resources */ = {
			isa = PBXResourcesBuildPhase;
			buildActionMask = 2147483647;
			files = (
				3F3CA9731C9A5552000B4552 /* LaunchScreen.storyboard in Resources */,
				3F3CA9701C9A5552000B4552 /* Assets.xcassets in Resources */,
				3F3CA96E1C9A5552000B4552 /* Main.storyboard in Resources */,
			);
			runOnlyForDeploymentPostprocessing = 0;
		};
		3F3CA9771C9A5552000B4552 /* Resources */ = {
			isa = PBXResourcesBuildPhase;
			buildActionMask = 2147483647;
			files = (
			);
			runOnlyForDeploymentPostprocessing = 0;
		};
		3F3CA9821C9A5552000B4552 /* Resources */ = {
			isa = PBXResourcesBuildPhase;
			buildActionMask = 2147483647;
			files = (
			);
			runOnlyForDeploymentPostprocessing = 0;
		};
/* End PBXResourcesBuildPhase section */

/* Begin PBXSourcesBuildPhase section */
		3F3CA95C1C9A5552000B4552 /* Sources */ = {
			isa = PBXSourcesBuildPhase;
			buildActionMask = 2147483647;
			files = (
				3F3CAAF11C9ADC37000B4552 /* ViewController.m in Sources */,
				3F3CA9681C9A5552000B4552 /* AppDelegate.m in Sources */,
				3F3CA9651C9A5552000B4552 /* main.m in Sources */,
			);
			runOnlyForDeploymentPostprocessing = 0;
		};
		3F3CA9751C9A5552000B4552 /* Sources */ = {
			isa = PBXSourcesBuildPhase;
			buildActionMask = 2147483647;
			files = (
				3F3CA97E1C9A5552000B4552 /* BreakDownLoadTests.m in Sources */,
			);
			runOnlyForDeploymentPostprocessing = 0;
		};
		3F3CA9801C9A5552000B4552 /* Sources */ = {
			isa = PBXSourcesBuildPhase;
			buildActionMask = 2147483647;
			files = (
				3F3CA9891C9A5552000B4552 /* BreakDownLoadUITests.m in Sources */,
			);
			runOnlyForDeploymentPostprocessing = 0;
		};
/* End PBXSourcesBuildPhase section */

/* Begin PBXTargetDependency section */
		3F3CA97B1C9A5552000B4552 /* PBXTargetDependency */ = {
			isa = PBXTargetDependency;
			target = 3F3CA95F1C9A5552000B4552 /* BreakDownLoad */;
			targetProxy = 3F3CA97A1C9A5552000B4552 /* PBXContainerItemProxy */;
		};
		3F3CA9861C9A5552000B4552 /* PBXTargetDependency */ = {
			isa = PBXTargetDependency;
			target = 3F3CA95F1C9A5552000B4552 /* BreakDownLoad */;
			targetProxy = 3F3CA9851C9A5552000B4552 /* PBXContainerItemProxy */;
		};
/* End PBXTargetDependency section */

/* Begin PBXVariantGroup section */
		3F3CA96C1C9A5552000B4552 /* Main.storyboard */ = {
			isa = PBXVariantGroup;
			children = (
				3F3CA96D1C9A5552000B4552 /* Base */,
			);
			name = Main.storyboard;
			sourceTree = "<group>";
		};
		3F3CA9711C9A5552000B4552 /* LaunchScreen.storyboard */ = {
			isa = PBXVariantGroup;
			children = (
				3F3CA9721C9A5552000B4552 /* Base */,
			);
			name = LaunchScreen.storyboard;
			sourceTree = "<group>";
		};
/* End PBXVariantGroup section */

/* Begin XCBuildConfiguration section */
		3F3CA98B1C9A5552000B4552 /* Debug */ = {
			isa = XCBuildConfiguration;
			buildSettings = {
				ALWAYS_SEARCH_USER_PATHS = NO;
				CLANG_CXX_LANGUAGE_STANDARD = "gnu++0x";
				CLANG_CXX_LIBRARY = "libc++";
				CLANG_ENABLE_MODULES = YES;
				CLANG_ENABLE_OBJC_ARC = NO;
				CLANG_WARN_BOOL_CONVERSION = YES;
				CLANG_WARN_CONSTANT_CONVERSION = YES;
				CLANG_WARN_DIRECT_OBJC_ISA_USAGE = YES_ERROR;
				CLANG_WARN_EMPTY_BODY = YES;
				CLANG_WARN_ENUM_CONVERSION = YES;
				CLANG_WARN_INT_CONVERSION = YES;
				CLANG_WARN_OBJC_ROOT_CLASS = YES_ERROR;
				CLANG_WARN_UNREACHABLE_CODE = YES;
				CLANG_WARN__DUPLICATE_METHOD_MATCH = YES;
				"CODE_SIGN_IDENTITY[sdk=iphoneos*]" = "iPhone Developer";
				COPY_PHASE_STRIP = NO;
				DEBUG_INFORMATION_FORMAT = dwarf;
				ENABLE_STRICT_OBJC_MSGSEND = YES;
				ENABLE_TESTABILITY = YES;
				GCC_C_LANGUAGE_STANDARD = gnu99;
				GCC_DYNAMIC_NO_PIC = NO;
				GCC_NO_COMMON_BLOCKS = YES;
				GCC_OPTIMIZATION_LEVEL = 0;
				GCC_PREPROCESSOR_DEFINITIONS = (
					"DEBUG=1",
					"$(inherited)",
				);
				GCC_WARN_64_TO_32_BIT_CONVERSION = YES;
				GCC_WARN_ABOUT_RETURN_TYPE = YES_ERROR;
				GCC_WARN_UNDECLARED_SELECTOR = YES;
				GCC_WARN_UNINITIALIZED_AUTOS = YES_AGGRESSIVE;
				GCC_WARN_UNUSED_FUNCTION = YES;
				GCC_WARN_UNUSED_VARIABLE = YES;
				IPHONEOS_DEPLOYMENT_TARGET = 9.2;
				MTL_ENABLE_DEBUG_INFO = YES;
				ONLY_ACTIVE_ARCH = YES;
				SDKROOT = iphoneos;
			};
			name = Debug;
		};
		3F3CA98C1C9A5552000B4552 /* Release */ = {
			isa = XCBuildConfiguration;
			buildSettings = {
				ALWAYS_SEARCH_USER_PATHS = NO;
				CLANG_CXX_LANGUAGE_STANDARD = "gnu++0x";
				CLANG_CXX_LIBRARY = "libc++";
				CLANG_ENABLE_MODULES = YES;
				CLANG_ENABLE_OBJC_ARC = NO;
				CLANG_WARN_BOOL_CONVERSION = YES;
				CLANG_WARN_CONSTANT_CONVERSION = YES;
				CLANG_WARN_DIRECT_OBJC_ISA_USAGE = YES_ERROR;
				CLANG_WARN_EMPTY_BODY = YES;
				CLANG_WARN_ENUM_CONVERSION = YES;
				CLANG_WARN_INT_CONVERSION = YES;
				CLANG_WARN_OBJC_ROOT_CLASS = YES_ERROR;
				CLANG_WARN_UNREACHABLE_CODE = YES;
				CLANG_WARN__DUPLICATE_METHOD_MATCH = YES;
				"CODE_SIGN_IDENTITY[sdk=iphoneos*]" = "iPhone Developer";
				COPY_PHASE_STRIP = NO;
				DEBUG_INFORMATION_FORMAT = "dwarf-with-dsym";
				ENABLE_NS_ASSERTIONS = NO;
				ENABLE_STRICT_OBJC_MSGSEND = YES;
				GCC_C_LANGUAGE_STANDARD = gnu99;
				GCC_NO_COMMON_BLOCKS = YES;
				GCC_WARN_64_TO_32_BIT_CONVERSION = YES;
				GCC_WARN_ABOUT_RETURN_TYPE = YES_ERROR;
				GCC_WARN_UNDECLARED_SELECTOR = YES;
				GCC_WARN_UNINITIALIZED_AUTOS = YES_AGGRESSIVE;
				GCC_WARN_UNUSED_FUNCTION = YES;
				GCC_WARN_UNUSED_VARIABLE = YES;
				IPHONEOS_DEPLOYMENT_TARGET = 9.2;
				MTL_ENABLE_DEBUG_INFO = NO;
				SDKROOT = iphoneos;
				VALIDATE_PRODUCT = YES;
			};
			name = Release;
		};
		3F3CA98E1C9A5552000B4552 /* Debug */ = {
			isa = XCBuildConfiguration;
			buildSettings = {
				ASSETCATALOG_COMPILER_APPICON_NAME = AppIcon;
				INFOPLIST_FILE = BreakDownLoad/Info.plist;
				LD_RUNPATH_SEARCH_PATHS = "$(inherited) @executable_path/Frameworks";
				PRODUCT_BUNDLE_IDENTIFIER = Tom.BreakDownLoad;
				PRODUCT_NAME = "$(TARGET_NAME)";
			};
			name = Debug;
		};
		3F3CA98F1C9A5552000B4552 /* Release */ = {
			isa = XCBuildConfiguration;
			buildSettings = {
				ASSETCATALOG_COMPILER_APPICON_NAME = AppIcon;
				INFOPLIST_FILE = BreakDownLoad/Info.plist;
				LD_RUNPATH_SEARCH_PATHS = "$(inherited) @executable_path/Frameworks";
				PRODUCT_BUNDLE_IDENTIFIER = Tom.BreakDownLoad;
				PRODUCT_NAME = "$(TARGET_NAME)";
			};
			name = Release;
		};
		3F3CA9911C9A5552000B4552 /* Debug */ = {
			isa = XCBuildConfiguration;
			buildSettings = {
				BUNDLE_LOADER = "$(TEST_HOST)";
				INFOPLIST_FILE = BreakDownLoadTests/Info.plist;
				LD_RUNPATH_SEARCH_PATHS = "$(inherited) @executable_path/Frameworks @loader_path/Frameworks";
				PRODUCT_BUNDLE_IDENTIFIER = Tom.BreakDownLoadTests;
				PRODUCT_NAME = "$(TARGET_NAME)";
				TEST_HOST = "$(BUILT_PRODUCTS_DIR)/BreakDownLoad.app/BreakDownLoad";
			};
			name = Debug;
		};
		3F3CA9921C9A5552000B4552 /* Release */ = {
			isa = XCBuildConfiguration;
			buildSettings = {
				BUNDLE_LOADER = "$(TEST_HOST)";
				INFOPLIST_FILE = BreakDownLoadTests/Info.plist;
				LD_RUNPATH_SEARCH_PATHS = "$(inherited) @executable_path/Frameworks @loader_path/Frameworks";
				PRODUCT_BUNDLE_IDENTIFIER = Tom.BreakDownLoadTests;
				PRODUCT_NAME = "$(TARGET_NAME)";
				TEST_HOST = "$(BUILT_PRODUCTS_DIR)/BreakDownLoad.app/BreakDownLoad";
			};
			name = Release;
		};
		3F3CA9941C9A5552000B4552 /* Debug */ = {
			isa = XCBuildConfiguration;
			buildSettings = {
				INFOPLIST_FILE = BreakDownLoadUITests/Info.plist;
				LD_RUNPATH_SEARCH_PATHS = "$(inherited) @executable_path/Frameworks @loader_path/Frameworks";
				PRODUCT_BUNDLE_IDENTIFIER = Tom.BreakDownLoadUITests;
				PRODUCT_NAME = "$(TARGET_NAME)";
				TEST_TARGET_NAME = BreakDownLoad;
				USES_XCTRUNNER = YES;
			};
			name = Debug;
		};
		3F3CA9951C9A5552000B4552 /* Release */ = {
			isa = XCBuildConfiguration;
			buildSettings = {
				INFOPLIST_FILE = BreakDownLoadUITests/Info.plist;
				LD_RUNPATH_SEARCH_PATHS = "$(inherited) @executable_path/Frameworks @loader_path/Frameworks";
				PRODUCT_BUNDLE_IDENTIFIER = Tom.BreakDownLoadUITests;
				PRODUCT_NAME = "$(TARGET_NAME)";
				TEST_TARGET_NAME = BreakDownLoad;
				USES_XCTRUNNER = YES;
			};
			name = Release;
		};
/* End XCBuildConfiguration section */

/* Begin XCConfigurationList section */
		3F3CA95B1C9A5552000B4552 /* Build configuration list for PBXProject "BreakDownLoad" */ = {
			isa = XCConfigurationList;
			buildConfigurations = (
				3F3CA98B1C9A5552000B4552 /* Debug */,
				3F3CA98C1C9A5552000B4552 /* Release */,
			);
			defaultConfigurationIsVisible = 0;
			defaultConfigurationName = Release;
		};
		3F3CA98D1C9A5552000B4552 /* Build configuration list for PBXNativeTarget "BreakDownLoad" */ = {
			isa = XCConfigurationList;
			buildConfigurations = (
				3F3CA98E1C9A5552000B4552 /* Debug */,
				3F3CA98F1C9A5552000B4552 /* Release */,
			);
			defaultConfigurationIsVisible = 0;
			defaultConfigurationName = Release;
		};
		3F3CA9901C9A5552000B4552 /* Build configuration list for PBXNativeTarget "BreakDownLoadTests" */ = {
			isa = XCConfigurationList;
			buildConfigurations = (
				3F3CA9911C9A5552000B4552 /* Debug */,
				3F3CA9921C9A5552000B4552 /* Release */,
			);
			defaultConfigurationIsVisible = 0;
			defaultConfigurationName = Release;
		};
		3F3CA9931C9A5552000B4552 /* Build configuration list for PBXNativeTarget "BreakDownLoadUITests" */ = {
			isa = XCConfigurationList;
			buildConfigurations = (
				3F3CA9941C9A5552000B4552 /* Debug */,
				3F3CA9951C9A5552000B4552 /* Release */,
			);
			defaultConfigurationIsVisible = 0;
			defaultConfigurationName = Release;
		};
/* End XCConfigurationList section */
	};
	rootObject = 3F3CA9581C9A5552000B4552 /* Project object */;
}
